
Microsoft Visual Studio Solution File, Format Version 12.00
# Visual Studio Version 16
VisualStudioVersion = 16.0.810.25
MinimumVisualStudioVersion = 10.0.40219.1
Project("{FAE04EC0-301F-11D3-BF4B-00C04F79EFBC}") = "NetExercise", "NetExercise\NetExercise.csproj", "{69A8BAB6-A509-427D-A7A8-6226E66796B1}"
EndProject
Project("{FAE04EC0-301F-11D3-BF4B-00C04F79EFBC}") = "NetExercise.Test", "NetExercise.Test\NetExercise.Test.csproj", "{9C526438-08F4-4071-9D34-A3917B1CB6DD}"
EndProject
Global
	GlobalSection(SolutionConfigurationPlatforms) = preSolution
		Debug|Any CPU = Debug|Any CPU
		Release|Any CPU = Release|Any CPU
	EndGlobalSection
	GlobalSection(ProjectConfigurationPlatforms) = postSolution
		{69A8BAB6-A509-427D-A7A8-6226E66796B1}.Debug|Any CPU.ActiveCfg = Debug|Any CPU
		{69A8BAB6-A509-427D-A7A8-6226E66796B1}.Debug|Any CPU.Build.0 = Debug|Any CPU
		{69A8BAB6-A509-427D-A7A8-6226E66796B1}.Release|Any CPU.ActiveCfg = Release|Any CPU
		{69A8BAB6-A509-427D-A7A8-6226E66796B1}.Release|Any CPU.Build.0 = Release|Any CPU
		{9C526438-08F4-4071-9D34-A3917B1CB6DD}.Debug|Any CPU.ActiveCfg = Debug|Any CPU
		{9C526438-08F4-4071-9D34-A3917B1CB6DD}.Debug|Any CPU.Build.0 = Debug|Any CPU
		{9C526438-08F4-4071-9D34-A3917B1CB6DD}.Release|Any CPU.ActiveCfg = Release|Any CPU
		{9C526438-08F4-4071-9D34-A3917B1CB6DD}.Release|Any CPU.Build.0 = Release|Any CPU
	EndGlobalSection
	GlobalSection(SolutionProperties) = preSolution
		HideSolutionNode = FALSE
	EndGlobalSection
	GlobalSection(ExtensibilityGlobals) = postSolution
		SolutionGuid = {B52CEBAE-75B2-453E-95BE-557139180FDA}
	EndGlobalSection
EndGlobal
